
Microsoft Visual Studio Solution File, Format Version 12.00
# Visual Studio Version 16
VisualStudioVersion = 16.0.30804.86
MinimumVisualStudioVersion = 10.0.40219.1
Project("{FAE04EC0-301F-11D3-BF4B-00C04F79EFBC}") = "TBD_GYM", "TBD_GYM.csproj", "{A64250D3-3136-42B6-9124-804CC7E91368}"
EndProject
Global
	GlobalSection(SolutionConfigurationPlatforms) = preSolution
		Debug|Any CPU = Debug|Any CPU
		Release|Any CPU = Release|Any CPU
	EndGlobalSection
	GlobalSection(ProjectConfigurationPlatforms) = postSolution
		{A64250D3-3136-42B6-9124-804CC7E91368}.Debug|Any CPU.ActiveCfg = Debug|Any CPU
		{A64250D3-3136-42B6-9124-804CC7E91368}.Debug|Any CPU.Build.0 = Debug|Any CPU
		{A64250D3-3136-42B6-9124-804CC7E91368}.Release|Any CPU.ActiveCfg = Release|Any CPU
		{A64250D3-3136-42B6-9124-804CC7E91368}.Release|Any CPU.Build.0 = Release|Any CPU
	EndGlobalSection
	GlobalSection(SolutionProperties) = preSolution
		HideSolutionNode = FALSE
	EndGlobalSection
	GlobalSection(ExtensibilityGlobals) = postSolution
		SolutionGuid = {EA829901-203B-4948-91F2-DCAF548A06EF}
	EndGlobalSection
EndGlobal
